<Solution>
  <Folder Name="/.github/">
    <File Path=".github/renovate.json" />
  </Folder>
  <Folder Name="/.github/workflows/">
    <File Path=".github/workflows/build-and-test.yml" />
    <File Path=".github/workflows/codeql.yml" />
  </Folder>
  <Folder Name="/src/">
    <Project Path="src/Soenneker.Hashing.Phc/Soenneker.Hashing.Phc.csproj" />
  </Folder>
  <Folder Name="/test/">
    <Project Path="test/Soenneker.Hashing.Phc.Tests/Soenneker.Hashing.Phc.Tests.csproj" />
  </Folder>
</Solution>
